
Microsoft Visual Studio Solution File, Format Version 12.00
# Visual Studio Version 17
VisualStudioVersion = 17.7.34024.191
MinimumVisualStudioVersion = 10.0.40219.1
Project("{FAE04EC0-301F-11D3-BF4B-00C04F79EFBC}") = "Controllers_4", "Controllers_4.csproj", "{8C6AAFAE-9125-434A-93ED-9AC4DBC56D84}"
EndProject
Project("{FAE04EC0-301F-11D3-BF4B-00C04F79EFBC}") = "Services_4", "..\Services_4\Services_4.csproj", "{4C3D8295-9158-4340-954F-A26FC6FB0E4D}"
EndProject
Project("{FAE04EC0-301F-11D3-BF4B-00C04F79EFBC}") = "Repositories_4", "..\Repositories_4\Repositories_4.csproj", "{3D3E00C6-F349-4FEC-AF2C-64ADA6B6F70A}"
EndProject
Global
	GlobalSection(SolutionConfigurationPlatforms) = preSolution
		Debug|Any CPU = Debug|Any CPU
		Release|Any CPU = Release|Any CPU
	EndGlobalSection
	GlobalSection(ProjectConfigurationPlatforms) = postSolution
		{8C6AAFAE-9125-434A-93ED-9AC4DBC56D84}.Debug|Any CPU.ActiveCfg = Debug|Any CPU
		{8C6AAFAE-9125-434A-93ED-9AC4DBC56D84}.Debug|Any CPU.Build.0 = Debug|Any CPU
		{8C6AAFAE-9125-434A-93ED-9AC4DBC56D84}.Release|Any CPU.ActiveCfg = Release|Any CPU
		{8C6AAFAE-9125-434A-93ED-9AC4DBC56D84}.Release|Any CPU.Build.0 = Release|Any CPU
		{4C3D8295-9158-4340-954F-A26FC6FB0E4D}.Debug|Any CPU.ActiveCfg = Debug|Any CPU
		{4C3D8295-9158-4340-954F-A26FC6FB0E4D}.Debug|Any CPU.Build.0 = Debug|Any CPU
		{4C3D8295-9158-4340-954F-A26FC6FB0E4D}.Release|Any CPU.ActiveCfg = Release|Any CPU
		{4C3D8295-9158-4340-954F-A26FC6FB0E4D}.Release|Any CPU.Build.0 = Release|Any CPU
		{3D3E00C6-F349-4FEC-AF2C-64ADA6B6F70A}.Debug|Any CPU.ActiveCfg = Debug|Any CPU
		{3D3E00C6-F349-4FEC-AF2C-64ADA6B6F70A}.Debug|Any CPU.Build.0 = Debug|Any CPU
		{3D3E00C6-F349-4FEC-AF2C-64ADA6B6F70A}.Release|Any CPU.ActiveCfg = Release|Any CPU
		{3D3E00C6-F349-4FEC-AF2C-64ADA6B6F70A}.Release|Any CPU.Build.0 = Release|Any CPU
	EndGlobalSection
	GlobalSection(SolutionProperties) = preSolution
		HideSolutionNode = FALSE
	EndGlobalSection
	GlobalSection(ExtensibilityGlobals) = postSolution
		SolutionGuid = {B33F7AF8-4153-44BA-94A1-B4973BE25613}
	EndGlobalSection
EndGlobal
